
Microsoft Visual Studio Solution File, Format Version 12.00
# Visual Studio Version 17
VisualStudioVersion = 17.11.35312.102
MinimumVisualStudioVersion = 10.0.40219.1
Project("{FAE04EC0-301F-11D3-BF4B-00C04F79EFBC}") = "TestDesigno.WEB", "TestDesigno.WEB\TestDesigno.WEB.csproj", "{A2C25E87-3F98-4CE8-979A-155F17B29BFE}"
EndProject
Global
	GlobalSection(SolutionConfigurationPlatforms) = preSolution
		Debug|Any CPU = Debug|Any CPU
		Release|Any CPU = Release|Any CPU
	EndGlobalSection
	GlobalSection(ProjectConfigurationPlatforms) = postSolution
		{A2C25E87-3F98-4CE8-979A-155F17B29BFE}.Debug|Any CPU.ActiveCfg = Debug|Any CPU
		{A2C25E87-3F98-4CE8-979A-155F17B29BFE}.Debug|Any CPU.Build.0 = Debug|Any CPU
		{A2C25E87-3F98-4CE8-979A-155F17B29BFE}.Release|Any CPU.ActiveCfg = Release|Any CPU
		{A2C25E87-3F98-4CE8-979A-155F17B29BFE}.Release|Any CPU.Build.0 = Release|Any CPU
	EndGlobalSection
	GlobalSection(SolutionProperties) = preSolution
		HideSolutionNode = FALSE
	EndGlobalSection
	GlobalSection(ExtensibilityGlobals) = postSolution
		SolutionGuid = {F177AD1C-D5E1-464E-89F9-4E7DEC08D53B}
	EndGlobalSection
EndGlobal
